
Microsoft Visual Studio Solution File, Format Version 12.00
# Visual Studio Version 17
VisualStudioVersion = 17.13.35806.99 d17.13
MinimumVisualStudioVersion = 10.0.40219.1
Project("{FAE04EC0-301F-11D3-BF4B-00C04F79EFBC}") = "Program", "Program.csproj", "{EF3373F8-934E-4604-B2CF-36EFD32C5D65}"
EndProject
Global
	GlobalSection(SolutionConfigurationPlatforms) = preSolution
		Debug|Any CPU = Debug|Any CPU
		Release|Any CPU = Release|Any CPU
	EndGlobalSection
	GlobalSection(ProjectConfigurationPlatforms) = postSolution
		{EF3373F8-934E-4604-B2CF-36EFD32C5D65}.Debug|Any CPU.ActiveCfg = Debug|Any CPU
		{EF3373F8-934E-4604-B2CF-36EFD32C5D65}.Debug|Any CPU.Build.0 = Debug|Any CPU
		{EF3373F8-934E-4604-B2CF-36EFD32C5D65}.Release|Any CPU.ActiveCfg = Release|Any CPU
		{EF3373F8-934E-4604-B2CF-36EFD32C5D65}.Release|Any CPU.Build.0 = Release|Any CPU
	EndGlobalSection
	GlobalSection(SolutionProperties) = preSolution
		HideSolutionNode = FALSE
	EndGlobalSection
	GlobalSection(ExtensibilityGlobals) = postSolution
		SolutionGuid = {23FEA2F1-86F8-4B39-8B04-7701B9E7FEC1}
	EndGlobalSection
EndGlobal
